
Microsoft Visual Studio Solution File, Format Version 12.00
# Visual Studio Version 17
VisualStudioVersion = 17.0.31903.59
MinimumVisualStudioVersion = 10.0.40219.1
Project("{2150E333-8FDC-42A3-9474-1A3956D46DE8}") = "src", "src", "{97EEED83-1BC6-439B-B2C3-39C47BB7A9CB}"
EndProject
Project("{FAE04EC0-301F-11D3-BF4B-00C04F79EFBC}") = "API", "src\API\API.csproj", "{46B2D7F7-D374-46FD-B717-37EC46EB281D}"
EndProject
Project("{FAE04EC0-301F-11D3-BF4B-00C04F79EFBC}") = "Application", "src\Application\Application.csproj", "{591DD0F7-6236-4C10-BEBA-A10D3910211B}"
EndProject
Project("{FAE04EC0-301F-11D3-BF4B-00C04F79EFBC}") = "Persistence", "src\Persistence\Persistence.csproj", "{995B6E41-B8D2-4010-A01D-C023BF98443C}"
EndProject
Project("{FAE04EC0-301F-11D3-BF4B-00C04F79EFBC}") = "Domain", "src\Domain\Domain.csproj", "{F1B9435B-C873-4291-871F-F240BCF4BAEE}"
EndProject
Global
	GlobalSection(SolutionConfigurationPlatforms) = preSolution
		Debug|Any CPU = Debug|Any CPU
		Release|Any CPU = Release|Any CPU
	EndGlobalSection
	GlobalSection(SolutionProperties) = preSolution
		HideSolutionNode = FALSE
	EndGlobalSection
	GlobalSection(ProjectConfigurationPlatforms) = postSolution
		{46B2D7F7-D374-46FD-B717-37EC46EB281D}.Debug|Any CPU.ActiveCfg = Debug|Any CPU
		{46B2D7F7-D374-46FD-B717-37EC46EB281D}.Debug|Any CPU.Build.0 = Debug|Any CPU
		{46B2D7F7-D374-46FD-B717-37EC46EB281D}.Release|Any CPU.ActiveCfg = Release|Any CPU
		{46B2D7F7-D374-46FD-B717-37EC46EB281D}.Release|Any CPU.Build.0 = Release|Any CPU
		{591DD0F7-6236-4C10-BEBA-A10D3910211B}.Debug|Any CPU.ActiveCfg = Debug|Any CPU
		{591DD0F7-6236-4C10-BEBA-A10D3910211B}.Debug|Any CPU.Build.0 = Debug|Any CPU
		{591DD0F7-6236-4C10-BEBA-A10D3910211B}.Release|Any CPU.ActiveCfg = Release|Any CPU
		{591DD0F7-6236-4C10-BEBA-A10D3910211B}.Release|Any CPU.Build.0 = Release|Any CPU
		{995B6E41-B8D2-4010-A01D-C023BF98443C}.Debug|Any CPU.ActiveCfg = Debug|Any CPU
		{995B6E41-B8D2-4010-A01D-C023BF98443C}.Debug|Any CPU.Build.0 = Debug|Any CPU
		{995B6E41-B8D2-4010-A01D-C023BF98443C}.Release|Any CPU.ActiveCfg = Release|Any CPU
		{995B6E41-B8D2-4010-A01D-C023BF98443C}.Release|Any CPU.Build.0 = Release|Any CPU
		{F1B9435B-C873-4291-871F-F240BCF4BAEE}.Debug|Any CPU.ActiveCfg = Debug|Any CPU
		{F1B9435B-C873-4291-871F-F240BCF4BAEE}.Debug|Any CPU.Build.0 = Debug|Any CPU
		{F1B9435B-C873-4291-871F-F240BCF4BAEE}.Release|Any CPU.ActiveCfg = Release|Any CPU
		{F1B9435B-C873-4291-871F-F240BCF4BAEE}.Release|Any CPU.Build.0 = Release|Any CPU
	EndGlobalSection
	GlobalSection(NestedProjects) = preSolution
		{46B2D7F7-D374-46FD-B717-37EC46EB281D} = {97EEED83-1BC6-439B-B2C3-39C47BB7A9CB}
		{591DD0F7-6236-4C10-BEBA-A10D3910211B} = {97EEED83-1BC6-439B-B2C3-39C47BB7A9CB}
		{995B6E41-B8D2-4010-A01D-C023BF98443C} = {97EEED83-1BC6-439B-B2C3-39C47BB7A9CB}
		{F1B9435B-C873-4291-871F-F240BCF4BAEE} = {97EEED83-1BC6-439B-B2C3-39C47BB7A9CB}
	EndGlobalSection
EndGlobal
